
Microsoft Visual Studio Solution File, Format Version 12.00
# Visual Studio Version 17
VisualStudioVersion = 17.5.002.0
MinimumVisualStudioVersion = 10.0.40219.1
Project("{2150E333-8FDC-42A3-9474-1A3956D46DE8}") = "C#", "C#", "{C2EA6FBE-6FD2-4255-8579-9702510674C0}"
EndProject
Project("{9A19103F-16F7-4668-BE54-9A1E7A4F7556}") = "aula2", "C#\aula2\aula2.csproj", "{9B4CD09F-F7A4-4C41-AC86-4DBD7A12422B}"
EndProject
Global
	GlobalSection(SolutionConfigurationPlatforms) = preSolution
		Debug|Any CPU = Debug|Any CPU
		Release|Any CPU = Release|Any CPU
	EndGlobalSection
	GlobalSection(ProjectConfigurationPlatforms) = postSolution
		{9B4CD09F-F7A4-4C41-AC86-4DBD7A12422B}.Debug|Any CPU.ActiveCfg = Debug|Any CPU
		{9B4CD09F-F7A4-4C41-AC86-4DBD7A12422B}.Debug|Any CPU.Build.0 = Debug|Any CPU
		{9B4CD09F-F7A4-4C41-AC86-4DBD7A12422B}.Release|Any CPU.ActiveCfg = Release|Any CPU
		{9B4CD09F-F7A4-4C41-AC86-4DBD7A12422B}.Release|Any CPU.Build.0 = Release|Any CPU
	EndGlobalSection
	GlobalSection(SolutionProperties) = preSolution
		HideSolutionNode = FALSE
	EndGlobalSection
	GlobalSection(NestedProjects) = preSolution
		{9B4CD09F-F7A4-4C41-AC86-4DBD7A12422B} = {C2EA6FBE-6FD2-4255-8579-9702510674C0}
	EndGlobalSection
	GlobalSection(ExtensibilityGlobals) = postSolution
		SolutionGuid = {F49B8003-B5A5-4EED-B6AE-D78E0AE48D2A}
	EndGlobalSection
EndGlobal
